// !$*UTF8*$!
{
	archiveVersion = 1;
	classes = {
	};
	objectVersion = 56;
	objects = {

/* Begin PBXBuildFile section */
		B262823E2D98B416000ACB6F /* BarcodeScannerApp.swift in Sources */ = {isa = PBXBuildFile; fileRef = B262823D2D98B416000ACB6F /* BarcodeScannerApp.swift */; };
		B26282402D98B416000ACB6F /* BarcodeScannerView.swift in Sources */ = {isa = PBXBuildFile; fileRef = B262823F2D98B416000ACB6F /* BarcodeScannerView.swift */; };
		B26282422D98B417000ACB6F /* Assets.xcassets in Resources */ = {isa = PBXBuildFile; fileRef = B26282412D98B417000ACB6F /* Assets.xcassets */; };
		B26282452D98B417000ACB6F /* Preview Assets.xcassets in Resources */ = {isa = PBXBuildFile; fileRef = B26282442D98B417000ACB6F /* Preview Assets.xcassets */; };
		B262824C2D98BDFD000ACB6F /* ScannerVC.swift in Sources */ = {isa = PBXBuildFile; fileRef = B262824B2D98BDFD000ACB6F /* ScannerVC.swift */; };
		B262824E2D98C88B000ACB6F /* ScannerView.swift in Sources */ = {isa = PBXBuildFile; fileRef = B262824D2D98C88B000ACB6F /* ScannerView.swift */; };
		B26282522D98D7C6000ACB6F /* BarcodeScannerViewModel.swift in Sources */ = {isa = PBXBuildFile; fileRef = B26282512D98D7C6000ACB6F /* BarcodeScannerViewModel.swift */; };
		B27DBB012D99086A0056B0FF /* View+Alert.swift in Sources */ = {isa = PBXBuildFile; fileRef = B27DBB002D99086A0056B0FF /* View+Alert.swift */; };
		B27DBB042D9915AD0056B0FF /* CameraError.swift in Sources */ = {isa = PBXBuildFile; fileRef = B27DBB032D9915AD0056B0FF /* CameraError.swift */; };
/* End PBXBuildFile section */

/* Begin PBXFileReference section */
		B262823A2D98B416000ACB6F /* BarcodeScanner.app */ = {isa = PBXFileReference; explicitFileType = wrapper.application; includeInIndex = 0; path = BarcodeScanner.app; sourceTree = BUILT_PRODUCTS_DIR; };
		B262823D2D98B416000ACB6F /* BarcodeScannerApp.swift */ = {isa = PBXFileReference; lastKnownFileType = sourcecode.swift; path = BarcodeScannerApp.swift; sourceTree = "<group>"; };
		B262823F2D98B416000ACB6F /* BarcodeScannerView.swift */ = {isa = PBXFileReference; lastKnownFileType = sourcecode.swift; path = BarcodeScannerView.swift; sourceTree = "<group>"; };
		B26282412D98B417000ACB6F /* Assets.xcassets */ = {isa = PBXFileReference; lastKnownFileType = folder.assetcatalog; path = Assets.xcassets; sourceTree = "<group>"; };
		B26282442D98B417000ACB6F /* Preview Assets.xcassets */ = {isa = PBXFileReference; lastKnownFileType = folder.assetcatalog; path = "Preview Assets.xcassets"; sourceTree = "<group>"; };
		B262824B2D98BDFD000ACB6F /* ScannerVC.swift */ = {isa = PBXFileReference; lastKnownFileType = sourcecode.swift; path = ScannerVC.swift; sourceTree = "<group>"; };
		B262824D2D98C88B000ACB6F /* ScannerView.swift */ = {isa = PBXFileReference; lastKnownFileType = sourcecode.swift; path = ScannerView.swift; sourceTree = "<group>"; };
		B26282512D98D7C6000ACB6F /* BarcodeScannerViewModel.swift */ = {isa = PBXFileReference; lastKnownFileType = sourcecode.swift; path = BarcodeScannerViewModel.swift; sourceTree = "<group>"; };
		B27DBB002D99086A0056B0FF /* View+Alert.swift */ = {isa = PBXFileReference; lastKnownFileType = sourcecode.swift; path = "View+Alert.swift"; sourceTree = "<group>"; };
		B27DBB032D9915AD0056B0FF /* CameraError.swift */ = {isa = PBXFileReference; lastKnownFileType = sourcecode.swift; path = CameraError.swift; sourceTree = "<group>"; };
/* End PBXFileReference section */

/* Begin PBXFrameworksBuildPhase section */
		B26282372D98B416000ACB6F /* Frameworks */ = {
			isa = PBXFrameworksBuildPhase;
			buildActionMask = 2147483647;
			files = (
			);
			runOnlyForDeploymentPostprocessing = 0;
		};
/* End PBXFrameworksBuildPhase section */

/* Begin PBXGroup section */
		B26282312D98B415000ACB6F = {
			isa = PBXGroup;
			children = (
				B262823C2D98B416000ACB6F /* BarcodeScanner */,
				B262823B2D98B416000ACB6F /* Products */,
			);
			sourceTree = "<group>";
		};
		B262823B2D98B416000ACB6F /* Products */ = {
			isa = PBXGroup;
			children = (
				B262823A2D98B416000ACB6F /* BarcodeScanner.app */,
			);
			name = Products;
			sourceTree = "<group>";
		};
		B262823C2D98B416000ACB6F /* BarcodeScanner */ = {
			isa = PBXGroup;
			children = (
				B27DBB022D9915960056B0FF /* Errors */,
				B27DBAFB2D9907F10056B0FF /* Extension */,
				B26282552D98DA9F000ACB6F /* Views */,
				B26282532D98DA63000ACB6F /* Screens */,
				B262823D2D98B416000ACB6F /* BarcodeScannerApp.swift */,
				B26282412D98B417000ACB6F /* Assets.xcassets */,
				B26282432D98B417000ACB6F /* Preview Content */,
			);
			path = BarcodeScanner;
			sourceTree = "<group>";
		};
		B26282432D98B417000ACB6F /* Preview Content */ = {
			isa = PBXGroup;
			children = (
				B26282442D98B417000ACB6F /* Preview Assets.xcassets */,
			);
			path = "Preview Content";
			sourceTree = "<group>";
		};
		B26282532D98DA63000ACB6F /* Screens */ = {
			isa = PBXGroup;
			children = (
				B26282542D98DA7C000ACB6F /* BarcodeScanner */,
			);
			path = Screens;
			sourceTree = "<group>";
		};
		B26282542D98DA7C000ACB6F /* BarcodeScanner */ = {
			isa = PBXGroup;
			children = (
				B26282512D98D7C6000ACB6F /* BarcodeScannerViewModel.swift */,
				B262823F2D98B416000ACB6F /* BarcodeScannerView.swift */,
			);
			path = BarcodeScanner;
			sourceTree = "<group>";
		};
		B26282552D98DA9F000ACB6F /* Views */ = {
			isa = PBXGroup;
			children = (
				B26282562D98DAB0000ACB6F /* UIKitComponents */,
			);
			path = Views;
			sourceTree = "<group>";
		};
		B26282562D98DAB0000ACB6F /* UIKitComponents */ = {
			isa = PBXGroup;
			children = (
				B262824B2D98BDFD000ACB6F /* ScannerVC.swift */,
				B262824D2D98C88B000ACB6F /* ScannerView.swift */,
			);
			path = UIKitComponents;
			sourceTree = "<group>";
		};
		B27DBAFB2D9907F10056B0FF /* Extension */ = {
			isa = PBXGroup;
			children = (
				B27DBAFC2D9907FB0056B0FF /* View */,
			);
			path = Extension;
			sourceTree = "<group>";
		};
		B27DBAFC2D9907FB0056B0FF /* View */ = {
			isa = PBXGroup;
			children = (
				B27DBB002D99086A0056B0FF /* View+Alert.swift */,
			);
			path = View;
			sourceTree = "<group>";
		};
		B27DBB022D9915960056B0FF /* Errors */ = {
			isa = PBXGroup;
			children = (
				B27DBB032D9915AD0056B0FF /* CameraError.swift */,
			);
			path = Errors;
			sourceTree = "<group>";
		};
/* End PBXGroup section */

/* Begin PBXNativeTarget section */
		B26282392D98B416000ACB6F /* BarcodeScanner */ = {
			isa = PBXNativeTarget;
			buildConfigurationList = B26282482D98B417000ACB6F /* Build configuration list for PBXNativeTarget "BarcodeScanner" */;
			buildPhases = (
				B26282362D98B416000ACB6F /* Sources */,
				B26282372D98B416000ACB6F /* Frameworks */,
				B26282382D98B416000ACB6F /* Resources */,
			);
			buildRules = (
			);
			dependencies = (
			);
			name = BarcodeScanner;
			productName = BarcodeScanner;
			productReference = B262823A2D98B416000ACB6F /* BarcodeScanner.app */;
			productType = "com.apple.product-type.application";
		};
/* End PBXNativeTarget section */

/* Begin PBXProject section */
		B26282322D98B415000ACB6F /* Project object */ = {
			isa = PBXProject;
			attributes = {
				BuildIndependentTargetsInParallel = 1;
				LastSwiftUpdateCheck = 1420;
				LastUpgradeCheck = 1420;
				TargetAttributes = {
					B26282392D98B416000ACB6F = {
						CreatedOnToolsVersion = 14.2;
					};
				};
			};
			buildConfigurationList = B26282352D98B415000ACB6F /* Build configuration list for PBXProject "BarcodeScanner" */;
			compatibilityVersion = "Xcode 14.0";
			developmentRegion = en;
			hasScannedForEncodings = 0;
			knownRegions = (
				en,
				Base,
			);
			mainGroup = B26282312D98B415000ACB6F;
			productRefGroup = B262823B2D98B416000ACB6F /* Products */;
			projectDirPath = "";
			projectRoot = "";
			targets = (
				B26282392D98B416000ACB6F /* BarcodeScanner */,
			);
		};
/* End PBXProject section */

/* Begin PBXResourcesBuildPhase section */
		B26282382D98B416000ACB6F /* Resources */ = {
			isa = PBXResourcesBuildPhase;
			buildActionMask = 2147483647;
			files = (
				B26282452D98B417000ACB6F /* Preview Assets.xcassets in Resources */,
				B26282422D98B417000ACB6F /* Assets.xcassets in Resources */,
			);
			runOnlyForDeploymentPostprocessing = 0;
		};
/* End PBXResourcesBuildPhase section */

/* Begin PBXSourcesBuildPhase section */
		B26282362D98B416000ACB6F /* Sources */ = {
			isa = PBXSourcesBuildPhase;
			buildActionMask = 2147483647;
			files = (
				B26282522D98D7C6000ACB6F /* BarcodeScannerViewModel.swift in Sources */,
				B27DBB012D99086A0056B0FF /* View+Alert.swift in Sources */,
				B262824C2D98BDFD000ACB6F /* ScannerVC.swift in Sources */,
				B262824E2D98C88B000ACB6F /* ScannerView.swift in Sources */,
				B26282402D98B416000ACB6F /* BarcodeScannerView.swift in Sources */,
				B262823E2D98B416000ACB6F /* BarcodeScannerApp.swift in Sources */,
				B27DBB042D9915AD0056B0FF /* CameraError.swift in Sources */,
			);
			runOnlyForDeploymentPostprocessing = 0;
		};
/* End PBXSourcesBuildPhase section */

/* Begin XCBuildConfiguration section */
		B26282462D98B417000ACB6F /* Debug */ = {
			isa = XCBuildConfiguration;
			buildSettings = {
				ALWAYS_SEARCH_USER_PATHS = NO;
				CLANG_ANALYZER_NONNULL = YES;
				CLANG_ANALYZER_NUMBER_OBJECT_CONVERSION = YES_AGGRESSIVE;
				CLANG_CXX_LANGUAGE_STANDARD = "gnu++20";
				CLANG_ENABLE_MODULES = YES;
				CLANG_ENABLE_OBJC_ARC = YES;
				CLANG_ENABLE_OBJC_WEAK = YES;
				CLANG_WARN_BLOCK_CAPTURE_AUTORELEASING = YES;
				CLANG_WARN_BOOL_CONVERSION = YES;
				CLANG_WARN_COMMA = YES;
				CLANG_WARN_CONSTANT_CONVERSION = YES;
				CLANG_WARN_DEPRECATED_OBJC_IMPLEMENTATIONS = YES;
				CLANG_WARN_DIRECT_OBJC_ISA_USAGE = YES_ERROR;
				CLANG_WARN_DOCUMENTATION_COMMENTS = YES;
				CLANG_WARN_EMPTY_BODY = YES;
				CLANG_WARN_ENUM_CONVERSION = YES;
				CLANG_WARN_INFINITE_RECURSION = YES;
				CLANG_WARN_INT_CONVERSION = YES;
				CLANG_WARN_NON_LITERAL_NULL_CONVERSION = YES;
				CLANG_WARN_OBJC_IMPLICIT_RETAIN_SELF = YES;
				CLANG_WARN_OBJC_LITERAL_CONVERSION = YES;
				CLANG_WARN_OBJC_ROOT_CLASS = YES_ERROR;
				CLANG_WARN_QUOTED_INCLUDE_IN_FRAMEWORK_HEADER = YES;
				CLANG_WARN_RANGE_LOOP_ANALYSIS = YES;
				CLANG_WARN_STRICT_PROTOTYPES = YES;
				CLANG_WARN_SUSPICIOUS_MOVE = YES;
				CLANG_WARN_UNGUARDED_AVAILABILITY = YES_AGGRESSIVE;
				CLANG_WARN_UNREACHABLE_CODE = YES;
				CLANG_WARN__DUPLICATE_METHOD_MATCH = YES;
				COPY_PHASE_STRIP = NO;
				DEBUG_INFORMATION_FORMAT = dwarf;
				ENABLE_STRICT_OBJC_MSGSEND = YES;
				ENABLE_TESTABILITY = YES;
				GCC_C_LANGUAGE_STANDARD = gnu11;
				GCC_DYNAMIC_NO_PIC = NO;
				GCC_NO_COMMON_BLOCKS = YES;
				GCC_OPTIMIZATION_LEVEL = 0;
				GCC_PREPROCESSOR_DEFINITIONS = (
					"DEBUG=1",
					"$(inherited)",
				);
				GCC_WARN_64_TO_32_BIT_CONVERSION = YES;
				GCC_WARN_ABOUT_RETURN_TYPE = YES_ERROR;
				GCC_WARN_UNDECLARED_SELECTOR = YES;
				GCC_WARN_UNINITIALIZED_AUTOS = YES_AGGRESSIVE;
				GCC_WARN_UNUSED_FUNCTION = YES;
				GCC_WARN_UNUSED_VARIABLE = YES;
				IPHONEOS_DEPLOYMENT_TARGET = 16.2;
				MTL_ENABLE_DEBUG_INFO = INCLUDE_SOURCE;
				MTL_FAST_MATH = YES;
				ONLY_ACTIVE_ARCH = YES;
				SDKROOT = iphoneos;
				SWIFT_ACTIVE_COMPILATION_CONDITIONS = DEBUG;
				SWIFT_OPTIMIZATION_LEVEL = "-Onone";
			};
			name = Debug;
		};
		B26282472D98B417000ACB6F /* Release */ = {
			isa = XCBuildConfiguration;
			buildSettings = {
				ALWAYS_SEARCH_USER_PATHS = NO;
				CLANG_ANALYZER_NONNULL = YES;
				CLANG_ANALYZER_NUMBER_OBJECT_CONVERSION = YES_AGGRESSIVE;
				CLANG_CXX_LANGUAGE_STANDARD = "gnu++20";
				CLANG_ENABLE_MODULES = YES;
				CLANG_ENABLE_OBJC_ARC = YES;
				CLANG_ENABLE_OBJC_WEAK = YES;
				CLANG_WARN_BLOCK_CAPTURE_AUTORELEASING = YES;
				CLANG_WARN_BOOL_CONVERSION = YES;
				CLANG_WARN_COMMA = YES;
				CLANG_WARN_CONSTANT_CONVERSION = YES;
				CLANG_WARN_DEPRECATED_OBJC_IMPLEMENTATIONS = YES;
				CLANG_WARN_DIRECT_OBJC_ISA_USAGE = YES_ERROR;
				CLANG_WARN_DOCUMENTATION_COMMENTS = YES;
				CLANG_WARN_EMPTY_BODY = YES;
				CLANG_WARN_ENUM_CONVERSION = YES;
				CLANG_WARN_INFINITE_RECURSION = YES;
				CLANG_WARN_INT_CONVERSION = YES;
				CLANG_WARN_NON_LITERAL_NULL_CONVERSION = YES;
				CLANG_WARN_OBJC_IMPLICIT_RETAIN_SELF = YES;
				CLANG_WARN_OBJC_LITERAL_CONVERSION = YES;
				CLANG_WARN_OBJC_ROOT_CLASS = YES_ERROR;
				CLANG_WARN_QUOTED_INCLUDE_IN_FRAMEWORK_HEADER = YES;
				CLANG_WARN_RANGE_LOOP_ANALYSIS = YES;
				CLANG_WARN_STRICT_PROTOTYPES = YES;
				CLANG_WARN_SUSPICIOUS_MOVE = YES;
				CLANG_WARN_UNGUARDED_AVAILABILITY = YES_AGGRESSIVE;
				CLANG_WARN_UNREACHABLE_CODE = YES;
				CLANG_WARN__DUPLICATE_METHOD_MATCH = YES;
				COPY_PHASE_STRIP = NO;
				DEBUG_INFORMATION_FORMAT = "dwarf-with-dsym";
				ENABLE_NS_ASSERTIONS = NO;
				ENABLE_STRICT_OBJC_MSGSEND = YES;
				GCC_C_LANGUAGE_STANDARD = gnu11;
				GCC_NO_COMMON_BLOCKS = YES;
				GCC_WARN_64_TO_32_BIT_CONVERSION = YES;
				GCC_WARN_ABOUT_RETURN_TYPE = YES_ERROR;
				GCC_WARN_UNDECLARED_SELECTOR = YES;
				GCC_WARN_UNINITIALIZED_AUTOS = YES_AGGRESSIVE;
				GCC_WARN_UNUSED_FUNCTION = YES;
				GCC_WARN_UNUSED_VARIABLE = YES;
				IPHONEOS_DEPLOYMENT_TARGET = 16.2;
				MTL_ENABLE_DEBUG_INFO = NO;
				MTL_FAST_MATH = YES;
				SDKROOT = iphoneos;
				SWIFT_COMPILATION_MODE = wholemodule;
				SWIFT_OPTIMIZATION_LEVEL = "-O";
				VALIDATE_PRODUCT = YES;
			};
			name = Release;
		};
		B26282492D98B417000ACB6F /* Debug */ = {
			isa = XCBuildConfiguration;
			buildSettings = {
				ASSETCATALOG_COMPILER_APPICON_NAME = AppIcon;
				ASSETCATALOG_COMPILER_GLOBAL_ACCENT_COLOR_NAME = AccentColor;
				CODE_SIGN_IDENTITY = "Apple Development";
				CODE_SIGN_STYLE = Automatic;
				CURRENT_PROJECT_VERSION = 1;
				DEVELOPMENT_ASSET_PATHS = "\"BarcodeScanner/Preview Content\"";
				DEVELOPMENT_TEAM = KKWDZJVT9N;
				ENABLE_PREVIEWS = YES;
				GENERATE_INFOPLIST_FILE = YES;
				INFOPLIST_KEY_NSCameraUsageDescription = "We need to use the camera to scan barcode.";
				INFOPLIST_KEY_UIApplicationSceneManifest_Generation = YES;
				INFOPLIST_KEY_UIApplicationSupportsIndirectInputEvents = YES;
				INFOPLIST_KEY_UILaunchScreen_Generation = YES;
				INFOPLIST_KEY_UISupportedInterfaceOrientations_iPad = "UIInterfaceOrientationPortrait UIInterfaceOrientationPortraitUpsideDown UIInterfaceOrientationLandscapeLeft UIInterfaceOrientationLandscapeRight";
				INFOPLIST_KEY_UISupportedInterfaceOrientations_iPhone = "UIInterfaceOrientationPortrait UIInterfaceOrientationLandscapeLeft UIInterfaceOrientationLandscapeRight";
				IPHONEOS_DEPLOYMENT_TARGET = 15.6;
				LD_RUNPATH_SEARCH_PATHS = (
					"$(inherited)",
					"@executable_path/Frameworks",
				);
				MARKETING_VERSION = 1.0;
				PRODUCT_BUNDLE_IDENTIFIER = com.telllst.BarcodeScanner;
				PRODUCT_NAME = "$(TARGET_NAME)";
				PROVISIONING_PROFILE_SPECIFIER = "";
				SWIFT_EMIT_LOC_STRINGS = YES;
				SWIFT_VERSION = 5.0;
				TARGETED_DEVICE_FAMILY = "1,2";
			};
			name = Debug;
		};
		B262824A2D98B417000ACB6F /* Release */ = {
			isa = XCBuildConfiguration;
			buildSettings = {
				ASSETCATALOG_COMPILER_APPICON_NAME = AppIcon;
				ASSETCATALOG_COMPILER_GLOBAL_ACCENT_COLOR_NAME = AccentColor;
				CODE_SIGN_IDENTITY = "Apple Development";
				CODE_SIGN_STYLE = Automatic;
				CURRENT_PROJECT_VERSION = 1;
				DEVELOPMENT_ASSET_PATHS = "\"BarcodeScanner/Preview Content\"";
				DEVELOPMENT_TEAM = KKWDZJVT9N;
				ENABLE_PREVIEWS = YES;
				GENERATE_INFOPLIST_FILE = YES;
				INFOPLIST_KEY_NSCameraUsageDescription = "We need to use the camera to scan barcode.";
				INFOPLIST_KEY_UIApplicationSceneManifest_Generation = YES;
				INFOPLIST_KEY_UIApplicationSupportsIndirectInputEvents = YES;
				INFOPLIST_KEY_UILaunchScreen_Generation = YES;
				INFOPLIST_KEY_UISupportedInterfaceOrientations_iPad = "UIInterfaceOrientationPortrait UIInterfaceOrientationPortraitUpsideDown UIInterfaceOrientationLandscapeLeft UIInterfaceOrientationLandscapeRight";
				INFOPLIST_KEY_UISupportedInterfaceOrientations_iPhone = "UIInterfaceOrientationPortrait UIInterfaceOrientationLandscapeLeft UIInterfaceOrientationLandscapeRight";
				IPHONEOS_DEPLOYMENT_TARGET = 15.6;
				LD_RUNPATH_SEARCH_PATHS = (
					"$(inherited)",
					"@executable_path/Frameworks",
				);
				MARKETING_VERSION = 1.0;
				PRODUCT_BUNDLE_IDENTIFIER = com.telllst.BarcodeScanner;
				PRODUCT_NAME = "$(TARGET_NAME)";
				PROVISIONING_PROFILE_SPECIFIER = "";
				SWIFT_EMIT_LOC_STRINGS = YES;
				SWIFT_VERSION = 5.0;
				TARGETED_DEVICE_FAMILY = "1,2";
			};
			name = Release;
		};
/* End XCBuildConfiguration section */

/* Begin XCConfigurationList section */
		B26282352D98B415000ACB6F /* Build configuration list for PBXProject "BarcodeScanner" */ = {
			isa = XCConfigurationList;
			buildConfigurations = (
				B26282462D98B417000ACB6F /* Debug */,
				B26282472D98B417000ACB6F /* Release */,
			);
			defaultConfigurationIsVisible = 0;
			defaultConfigurationName = Release;
		};
		B26282482D98B417000ACB6F /* Build configuration list for PBXNativeTarget "BarcodeScanner" */ = {
			isa = XCConfigurationList;
			buildConfigurations = (
				B26282492D98B417000ACB6F /* Debug */,
				B262824A2D98B417000ACB6F /* Release */,
			);
			defaultConfigurationIsVisible = 0;
			defaultConfigurationName = Release;
		};
/* End XCConfigurationList section */
	};
	rootObject = B26282322D98B415000ACB6F /* Project object */;
}
